Microsoft Visual Studio Solution File, Format Version 12.00
# Visual Studio Version 16
VisualStudioVersion = 16.0.30611.23
MinimumVisualStudioVersion = 10.0.40219.1
Project("{2150E333-8FDC-42A3-9474-1A3956D46DE8}") = "Solution Items", "Solution Items", "{8BEC7DAB-8B87-4D82-8367-EEDE17A5C17C}"
	ProjectSection(SolutionItems) = preProject
		.editorconfig = .editorconfig
		.gitattributes = .gitattributes
		.gitignore = .gitignore
		CommonProjectSettings.targets = CommonProjectSettings.targets
		DnetLibrary.ProjectSettings.targets = DnetLibrary.ProjectSettings.targets
		HeaderComments.txt = HeaderComments.txt
		LICENSE.md = LICENSE.md
	EndProjectSection
EndProject
Project("{2150E333-8FDC-42A3-9474-1A3956D46DE8}") = "Tests", "Tests", "{95730C45-4C76-49B2-ADA4-8746958DE9BD}"
EndProject
Project("{9A19103F-16F7-4668-BE54-9A1E7A4F7556}") = "TakymLib", "TakymLib\TakymLib.csproj", "{7AA4D4F9-4EC1-490E-BC8D-D7C920C6AA99}"
EndProject
Project("{9A19103F-16F7-4668-BE54-9A1E7A4F7556}") = "TakymLibTests", "TakymLibTests\TakymLibTests.csproj", "{DC5B4AB6-67DB-4CA1-A7AF-44FCDB60E90C}"
EndProject
Project("{9A19103F-16F7-4668-BE54-9A1E7A4F7556}") = "TakymLib.CommandLine", "TakymLib.CommandLine\TakymLib.CommandLine.csproj", "{1051F12A-B95B-4776-B632-58B452A66C62}"
EndProject
Project("{9A19103F-16F7-4668-BE54-9A1E7A4F7556}") = "TakymLib.CommandLineTests", "TakymLib.CommandLineTests\TakymLib.CommandLineTests.csproj", "{D1E59948-1653-4DD5-8A47-1F0A13494CC6}"
EndProject
Global
	GlobalSection(SolutionConfigurationPlatforms) = preSolution
		Debug|Any CPU = Debug|Any CPU
		Release|Any CPU = Release|Any CPU
	EndGlobalSection
	GlobalSection(ProjectConfigurationPlatforms) = postSolution
		{7AA4D4F9-4EC1-490E-BC8D-D7C920C6AA99}.Debug|Any CPU.ActiveCfg = Debug|Any CPU
		{7AA4D4F9-4EC1-490E-BC8D-D7C920C6AA99}.Debug|Any CPU.Build.0 = Debug|Any CPU
		{7AA4D4F9-4EC1-490E-BC8D-D7C920C6AA99}.Release|Any CPU.ActiveCfg = Release|Any CPU
		{7AA4D4F9-4EC1-490E-BC8D-D7C920C6AA99}.Release|Any CPU.Build.0 = Release|Any CPU
		{DC5B4AB6-67DB-4CA1-A7AF-44FCDB60E90C}.Debug|Any CPU.ActiveCfg = Debug|Any CPU
		{DC5B4AB6-67DB-4CA1-A7AF-44FCDB60E90C}.Debug|Any CPU.Build.0 = Debug|Any CPU
		{DC5B4AB6-67DB-4CA1-A7AF-44FCDB60E90C}.Release|Any CPU.ActiveCfg = Release|Any CPU
		{DC5B4AB6-67DB-4CA1-A7AF-44FCDB60E90C}.Release|Any CPU.Build.0 = Release|Any CPU
		{1051F12A-B95B-4776-B632-58B452A66C62}.Debug|Any CPU.ActiveCfg = Debug|Any CPU
		{1051F12A-B95B-4776-B632-58B452A66C62}.Debug|Any CPU.Build.0 = Debug|Any CPU
		{1051F12A-B95B-4776-B632-58B452A66C62}.Release|Any CPU.ActiveCfg = Release|Any CPU
		{1051F12A-B95B-4776-B632-58B452A66C62}.Release|Any CPU.Build.0 = Release|Any CPU
		{D1E59948-1653-4DD5-8A47-1F0A13494CC6}.Debug|Any CPU.ActiveCfg = Debug|Any CPU
		{D1E59948-1653-4DD5-8A47-1F0A13494CC6}.Debug|Any CPU.Build.0 = Debug|Any CPU
		{D1E59948-1653-4DD5-8A47-1F0A13494CC6}.Release|Any CPU.ActiveCfg = Release|Any CPU
		{D1E59948-1653-4DD5-8A47-1F0A13494CC6}.Release|Any CPU.Build.0 = Release|Any CPU
	EndGlobalSection
	GlobalSection(SolutionProperties) = preSolution
		HideSolutionNode = FALSE
	EndGlobalSection
	GlobalSection(NestedProjects) = preSolution
		{DC5B4AB6-67DB-4CA1-A7AF-44FCDB60E90C} = {95730C45-4C76-49B2-ADA4-8746958DE9BD}
		{D1E59948-1653-4DD5-8A47-1F0A13494CC6} = {95730C45-4C76-49B2-ADA4-8746958DE9BD}
	EndGlobalSection
	GlobalSection(ExtensibilityGlobals) = postSolution
		SolutionGuid = {8D61A0BF-B9AE-40DB-8CC8-CB114C1EED0B}
	EndGlobalSection
EndGlobal
