Microsoft Visual Studio Solution File, Format Version 12.00
# Visual Studio Version 16
VisualStudioVersion = 16.0.30611.23
MinimumVisualStudioVersion = 10.0.40219.1
Project("{2150E333-8FDC-42A3-9474-1A3956D46DE8}") = "Solution Items", "Solution Items", "{8BEC7DAB-8B87-4D82-8367-EEDE17A5C17C}"
	ProjectSection(SolutionItems) = preProject
		.editorconfig = .editorconfig
		.gitattributes = .gitattributes
		.gitignore = .gitignore
		CommonProjectSettings.targets = CommonProjectSettings.targets
		DnetLibrary.ProjectSettings.targets = DnetLibrary.ProjectSettings.targets
		HeaderComments.txt = HeaderComments.txt
		License.md = License.md
	EndProjectSection
EndProject
Project("{9A19103F-16F7-4668-BE54-9A1E7A4F7556}") = "Exrecodel", "Exrecodel\Exrecodel.csproj", "{AC39250E-5E2F-4E47-95A7-DCC36A75F756}"
EndProject
Project("{9A19103F-16F7-4668-BE54-9A1E7A4F7556}") = "CAP.Yencon", "CAP.Yencon\CAP.Yencon.csproj", "{A7181D1B-427B-483F-983F-DD758A8D2F81}"
EndProject
Project("{FAE04EC0-301F-11D3-BF4B-00C04F79EFBC}") = "CAP.YenconTests", "CAP.YenconTests\CAP.YenconTests.csproj", "{417AD915-5B50-4BC0-96A9-2203E1CE7A42}"
EndProject
Project("{2150E333-8FDC-42A3-9474-1A3956D46DE8}") = "Tests", "Tests", "{95730C45-4C76-49B2-ADA4-8746958DE9BD}"
EndProject
Global
	GlobalSection(SolutionConfigurationPlatforms) = preSolution
		Debug|Any CPU = Debug|Any CPU
		Release|Any CPU = Release|Any CPU
	EndGlobalSection
	GlobalSection(ProjectConfigurationPlatforms) = postSolution
		{AC39250E-5E2F-4E47-95A7-DCC36A75F756}.Debug|Any CPU.ActiveCfg = Debug|Any CPU
		{AC39250E-5E2F-4E47-95A7-DCC36A75F756}.Debug|Any CPU.Build.0 = Debug|Any CPU
		{AC39250E-5E2F-4E47-95A7-DCC36A75F756}.Release|Any CPU.ActiveCfg = Release|Any CPU
		{AC39250E-5E2F-4E47-95A7-DCC36A75F756}.Release|Any CPU.Build.0 = Release|Any CPU
		{A7181D1B-427B-483F-983F-DD758A8D2F81}.Debug|Any CPU.ActiveCfg = Debug|Any CPU
		{A7181D1B-427B-483F-983F-DD758A8D2F81}.Debug|Any CPU.Build.0 = Debug|Any CPU
		{A7181D1B-427B-483F-983F-DD758A8D2F81}.Release|Any CPU.ActiveCfg = Release|Any CPU
		{A7181D1B-427B-483F-983F-DD758A8D2F81}.Release|Any CPU.Build.0 = Release|Any CPU
		{417AD915-5B50-4BC0-96A9-2203E1CE7A42}.Debug|Any CPU.ActiveCfg = Debug|Any CPU
		{417AD915-5B50-4BC0-96A9-2203E1CE7A42}.Debug|Any CPU.Build.0 = Debug|Any CPU
		{417AD915-5B50-4BC0-96A9-2203E1CE7A42}.Release|Any CPU.ActiveCfg = Release|Any CPU
		{417AD915-5B50-4BC0-96A9-2203E1CE7A42}.Release|Any CPU.Build.0 = Release|Any CPU
	EndGlobalSection
	GlobalSection(SolutionProperties) = preSolution
		HideSolutionNode = FALSE
	EndGlobalSection
	GlobalSection(NestedProjects) = preSolution
		{417AD915-5B50-4BC0-96A9-2203E1CE7A42} = {95730C45-4C76-49B2-ADA4-8746958DE9BD}
	EndGlobalSection
	GlobalSection(ExtensibilityGlobals) = postSolution
		SolutionGuid = {8D61A0BF-B9AE-40DB-8CC8-CB114C1EED0B}
	EndGlobalSection
EndGlobal
