
Microsoft Visual Studio Solution File, Format Version 12.00
# Visual Studio Version 16
VisualStudioVersion = 16.0.31321.278
MinimumVisualStudioVersion = 10.0.40219.1
Project("{2150E333-8FDC-42A3-9474-1A3956D46DE8}") = "Solution Items", "Solution Items", "{09B6C9B2-3CB2-490B-87E6-201AC50C2A50}"
	ProjectSection(SolutionItems) = preProject
		.editorconfig = .editorconfig
		.gitattributes = .gitattributes
		.gitignore = .gitignore
		.gitmodules = .gitmodules
		src\Directory.Build.props = src\Directory.Build.props
		src\Directory.Build.targets = src\Directory.Build.targets
	EndProjectSection
EndProject
Project("{2150E333-8FDC-42A3-9474-1A3956D46DE8}") = "GitHub Items", "GitHub Items", "{BC56F35F-25CF-438A-97C2-8BAAF87C17A6}"
	ProjectSection(SolutionItems) = preProject
		.github\dependabot.yml = .github\dependabot.yml
		.github\FUNDING.yml = .github\FUNDING.yml
		.github\PULL_REQUEST_TEMPLATE.md = .github\PULL_REQUEST_TEMPLATE.md
	EndProjectSection
EndProject
Project("{2150E333-8FDC-42A3-9474-1A3956D46DE8}") = "Templates", "Templates", "{3137F210-464A-46CA-86A3-418AA87336D2}"
	ProjectSection(SolutionItems) = preProject
		.github\ISSUE_TEMPLATE\bug_report_en.md = .github\ISSUE_TEMPLATE\bug_report_en.md
		.github\ISSUE_TEMPLATE\bug_report_ja.md = .github\ISSUE_TEMPLATE\bug_report_ja.md
		.github\ISSUE_TEMPLATE\config.yml = .github\ISSUE_TEMPLATE\config.yml
		.github\ISSUE_TEMPLATE\custom_en.md = .github\ISSUE_TEMPLATE\custom_en.md
		.github\ISSUE_TEMPLATE\custom_ja.md = .github\ISSUE_TEMPLATE\custom_ja.md
		.github\PULL_REQUEST_TEMPLATE\English.md = .github\PULL_REQUEST_TEMPLATE\English.md
		.github\ISSUE_TEMPLATE\feature_request_en.md = .github\ISSUE_TEMPLATE\feature_request_en.md
		.github\ISSUE_TEMPLATE\feature_request_ja.md = .github\ISSUE_TEMPLATE\feature_request_ja.md
		.github\PULL_REQUEST_TEMPLATE\Japanese.md = .github\PULL_REQUEST_TEMPLATE\Japanese.md
	EndProjectSection
EndProject
Project("{2150E333-8FDC-42A3-9474-1A3956D46DE8}") = "Workflows", "Workflows", "{4E9EDF31-7F0B-4B92-84CA-76D422434B90}"
	ProjectSection(SolutionItems) = preProject
		.github\workflows\Benchmark.yml = .github\workflows\Benchmark.yml
		.github\workflows\BuildTest.yml = .github\workflows\BuildTest.yml
		.github\workflows\NuGet.yml = .github\workflows\NuGet.yml
	EndProjectSection
EndProject
Project("{2150E333-8FDC-42A3-9474-1A3956D46DE8}") = "VSCode", "VSCode", "{AACB2F2E-A2E8-418A-9CE0-F667ABFE8F95}"
	ProjectSection(SolutionItems) = preProject
		.vscode\settings.json = .vscode\settings.json
	EndProjectSection
EndProject
Project("{2150E333-8FDC-42A3-9474-1A3956D46DE8}") = "Documentation", "Documentation", "{CA36A56E-B4AF-4C78-B683-03319E0A633A}"
	ProjectSection(SolutionItems) = preProject
		CHANGELOG.md = CHANGELOG.md
		CONTRIBUTING.md = CONTRIBUTING.md
		CONTRIBUTORS.md = CONTRIBUTORS.md
		HeaderComments.txt = HeaderComments.txt
		LICENSE.md = LICENSE.md
		README.md = README.md
		THIRD_PARTY_NOTICE.md = THIRD_PARTY_NOTICE.md
	EndProjectSection
EndProject
Project("{2150E333-8FDC-42A3-9474-1A3956D46DE8}") = "Tests", "Tests", "{670C7330-29D7-47A4-889E-73E6DFF27F0E}"
EndProject
Project("{9A19103F-16F7-4668-BE54-9A1E7A4F7556}") = "Exyzer.Tests", "tests\Exyzer.Tests.csproj", "{7D205295-5268-4BCE-9CB6-13E5A8046527}"
EndProject
Project("{9A19103F-16F7-4668-BE54-9A1E7A4F7556}") = "Exyzer.Core", "src\Exyzer.Core\Exyzer.Core.csproj", "{A7817DB8-AD89-457F-9055-D4A3B76BC0AD}"
EndProject
Project("{9A19103F-16F7-4668-BE54-9A1E7A4F7556}") = "Exyzer.Documentation", "docs\Exyzer.Documentation.csproj", "{75EECFF0-A349-48F4-A4F3-F2CCC326FC2B}"
EndProject
Project("{2150E333-8FDC-42A3-9474-1A3956D46DE8}") = "Libraries", "Libraries", "{5C35BE7B-C01D-4F04-B8E7-8F4B58C1521B}"
EndProject
Project("{9A19103F-16F7-4668-BE54-9A1E7A4F7556}") = "TakymLib", "lib\TakymLib\src\TakymLib\TakymLib.csproj", "{2BE22BEF-6B86-4C6F-8A30-9A8F246B323A}"
EndProject
Global
	GlobalSection(SolutionConfigurationPlatforms) = preSolution
		Benchmark|Any CPU = Benchmark|Any CPU
		Debug|Any CPU = Debug|Any CPU
		Release|Any CPU = Release|Any CPU
	EndGlobalSection
	GlobalSection(ProjectConfigurationPlatforms) = postSolution
		{7D205295-5268-4BCE-9CB6-13E5A8046527}.Benchmark|Any CPU.ActiveCfg = Release|Any CPU
		{7D205295-5268-4BCE-9CB6-13E5A8046527}.Benchmark|Any CPU.Build.0 = Release|Any CPU
		{7D205295-5268-4BCE-9CB6-13E5A8046527}.Debug|Any CPU.ActiveCfg = Debug|Any CPU
		{7D205295-5268-4BCE-9CB6-13E5A8046527}.Debug|Any CPU.Build.0 = Debug|Any CPU
		{7D205295-5268-4BCE-9CB6-13E5A8046527}.Release|Any CPU.ActiveCfg = Release|Any CPU
		{7D205295-5268-4BCE-9CB6-13E5A8046527}.Release|Any CPU.Build.0 = Release|Any CPU
		{A7817DB8-AD89-457F-9055-D4A3B76BC0AD}.Benchmark|Any CPU.ActiveCfg = Release|Any CPU
		{A7817DB8-AD89-457F-9055-D4A3B76BC0AD}.Benchmark|Any CPU.Build.0 = Release|Any CPU
		{A7817DB8-AD89-457F-9055-D4A3B76BC0AD}.Debug|Any CPU.ActiveCfg = Debug|Any CPU
		{A7817DB8-AD89-457F-9055-D4A3B76BC0AD}.Debug|Any CPU.Build.0 = Debug|Any CPU
		{A7817DB8-AD89-457F-9055-D4A3B76BC0AD}.Release|Any CPU.ActiveCfg = Release|Any CPU
		{A7817DB8-AD89-457F-9055-D4A3B76BC0AD}.Release|Any CPU.Build.0 = Release|Any CPU
		{75EECFF0-A349-48F4-A4F3-F2CCC326FC2B}.Benchmark|Any CPU.ActiveCfg = Release|Any CPU
		{75EECFF0-A349-48F4-A4F3-F2CCC326FC2B}.Benchmark|Any CPU.Build.0 = Release|Any CPU
		{75EECFF0-A349-48F4-A4F3-F2CCC326FC2B}.Debug|Any CPU.ActiveCfg = Debug|Any CPU
		{75EECFF0-A349-48F4-A4F3-F2CCC326FC2B}.Debug|Any CPU.Build.0 = Debug|Any CPU
		{75EECFF0-A349-48F4-A4F3-F2CCC326FC2B}.Release|Any CPU.ActiveCfg = Release|Any CPU
		{75EECFF0-A349-48F4-A4F3-F2CCC326FC2B}.Release|Any CPU.Build.0 = Release|Any CPU
		{2BE22BEF-6B86-4C6F-8A30-9A8F246B323A}.Benchmark|Any CPU.ActiveCfg = Benchmark|Any CPU
		{2BE22BEF-6B86-4C6F-8A30-9A8F246B323A}.Benchmark|Any CPU.Build.0 = Benchmark|Any CPU
		{2BE22BEF-6B86-4C6F-8A30-9A8F246B323A}.Debug|Any CPU.ActiveCfg = Debug|Any CPU
		{2BE22BEF-6B86-4C6F-8A30-9A8F246B323A}.Debug|Any CPU.Build.0 = Debug|Any CPU
		{2BE22BEF-6B86-4C6F-8A30-9A8F246B323A}.Release|Any CPU.ActiveCfg = Release|Any CPU
		{2BE22BEF-6B86-4C6F-8A30-9A8F246B323A}.Release|Any CPU.Build.0 = Release|Any CPU
	EndGlobalSection
	GlobalSection(SolutionProperties) = preSolution
		HideSolutionNode = FALSE
	EndGlobalSection
	GlobalSection(NestedProjects) = preSolution
		{3137F210-464A-46CA-86A3-418AA87336D2} = {BC56F35F-25CF-438A-97C2-8BAAF87C17A6}
		{4E9EDF31-7F0B-4B92-84CA-76D422434B90} = {BC56F35F-25CF-438A-97C2-8BAAF87C17A6}
		{AACB2F2E-A2E8-418A-9CE0-F667ABFE8F95} = {09B6C9B2-3CB2-490B-87E6-201AC50C2A50}
		{7D205295-5268-4BCE-9CB6-13E5A8046527} = {670C7330-29D7-47A4-889E-73E6DFF27F0E}
		{75EECFF0-A349-48F4-A4F3-F2CCC326FC2B} = {CA36A56E-B4AF-4C78-B683-03319E0A633A}
		{2BE22BEF-6B86-4C6F-8A30-9A8F246B323A} = {5C35BE7B-C01D-4F04-B8E7-8F4B58C1521B}
	EndGlobalSection
	GlobalSection(ExtensibilityGlobals) = postSolution
		SolutionGuid = {7CD41B2D-2CA9-4524-B550-C032EB599B59}
	EndGlobalSection
EndGlobal
