Microsoft Visual Studio Solution File, Format Version 12.00
# Visual Studio Version 16
VisualStudioVersion = 16.0.30611.23
MinimumVisualStudioVersion = 10.0.40219.1
Project("{2150E333-8FDC-42A3-9474-1A3956D46DE8}") = "Solution Items", "Solution Items", "{8BEC7DAB-8B87-4D82-8367-EEDE17A5C17C}"
	ProjectSection(SolutionItems) = preProject
		.editorconfig = .editorconfig
		.gitattributes = .gitattributes
		.gitignore = .gitignore
		CommonProjectSettings.targets = CommonProjectSettings.targets
		HeaderComments.txt = HeaderComments.txt
		LICENSE.md = LICENSE.md
		LOGO.png = LOGO.png
		README.md = README.md
		TakymLib.ProjectSettings.targets = TakymLib.ProjectSettings.targets
	EndProjectSection
EndProject
Project("{2150E333-8FDC-42A3-9474-1A3956D46DE8}") = "Tests", "Tests", "{95730C45-4C76-49B2-ADA4-8746958DE9BD}"
EndProject
Project("{9A19103F-16F7-4668-BE54-9A1E7A4F7556}") = "TakymLib", "TakymLib\TakymLib.csproj", "{7AA4D4F9-4EC1-490E-BC8D-D7C920C6AA99}"
EndProject
Project("{9A19103F-16F7-4668-BE54-9A1E7A4F7556}") = "TakymLibTests", "TakymLibTests\TakymLibTests.csproj", "{DC5B4AB6-67DB-4CA1-A7AF-44FCDB60E90C}"
EndProject
Project("{9A19103F-16F7-4668-BE54-9A1E7A4F7556}") = "TakymLib.CommandLine", "TakymLib.CommandLine\TakymLib.CommandLine.csproj", "{1051F12A-B95B-4776-B632-58B452A66C62}"
EndProject
Project("{9A19103F-16F7-4668-BE54-9A1E7A4F7556}") = "TakymLib.Threading.Distributed", "TakymLib.Threading.Distributed\TakymLib.Threading.Distributed.csproj", "{3FE22DD3-1572-40AD-A4C7-BE3804C2BFB1}"
EndProject
Project("{9A19103F-16F7-4668-BE54-9A1E7A4F7556}") = "TakymLib.Logging", "TakymLib.Logging\TakymLib.Logging.csproj", "{6C45CD2C-C192-4E27-AABB-EB3B7B9B91FC}"
EndProject
Project("{9A19103F-16F7-4668-BE54-9A1E7A4F7556}") = "TakymLib.Security", "TakymLib.Security\TakymLib.Security.csproj", "{843CFF65-A0B3-4B9C-BC0E-331581349D44}"
EndProject
Project("{9A19103F-16F7-4668-BE54-9A1E7A4F7556}") = "TakymLib.Threading.Tasks", "TakymLib.Threading.Tasks\TakymLib.Threading.Tasks.csproj", "{C528FA17-C546-414C-8535-701A6199E462}"
EndProject
Project("{9A19103F-16F7-4668-BE54-9A1E7A4F7556}") = "TakymLib.Core.Framework", "TakymLib.Core.Framework\TakymLib.Core.Framework.csproj", "{CCECB6DC-C19C-4DE6-9417-8F67C0B8613A}"
EndProject
Project("{9A19103F-16F7-4668-BE54-9A1E7A4F7556}") = "TakymLib.Core", "TakymLib.Core\TakymLib.Core.csproj", "{ED5095BA-FDFA-4FF8-83AE-6572B549F2DC}"
EndProject
Project("{2150E333-8FDC-42A3-9474-1A3956D46DE8}") = "Documentation", "Documentation", "{1F5DA7AD-422E-4F54-832F-F46137F4CB54}"
EndProject
Project("{FAE04EC0-301F-11D3-BF4B-00C04F79EFBC}") = "docs", "docs\docs.csproj", "{3955ECFC-1D7E-46FE-AADA-B3E9B680E582}"
EndProject
Global
	GlobalSection(SolutionConfigurationPlatforms) = preSolution
		Debug|Any CPU = Debug|Any CPU
		Release|Any CPU = Release|Any CPU
	EndGlobalSection
	GlobalSection(ProjectConfigurationPlatforms) = postSolution
		{7AA4D4F9-4EC1-490E-BC8D-D7C920C6AA99}.Debug|Any CPU.ActiveCfg = Debug|Any CPU
		{7AA4D4F9-4EC1-490E-BC8D-D7C920C6AA99}.Debug|Any CPU.Build.0 = Debug|Any CPU
		{7AA4D4F9-4EC1-490E-BC8D-D7C920C6AA99}.Release|Any CPU.ActiveCfg = Release|Any CPU
		{7AA4D4F9-4EC1-490E-BC8D-D7C920C6AA99}.Release|Any CPU.Build.0 = Release|Any CPU
		{DC5B4AB6-67DB-4CA1-A7AF-44FCDB60E90C}.Debug|Any CPU.ActiveCfg = Debug|Any CPU
		{DC5B4AB6-67DB-4CA1-A7AF-44FCDB60E90C}.Debug|Any CPU.Build.0 = Debug|Any CPU
		{DC5B4AB6-67DB-4CA1-A7AF-44FCDB60E90C}.Release|Any CPU.ActiveCfg = Release|Any CPU
		{DC5B4AB6-67DB-4CA1-A7AF-44FCDB60E90C}.Release|Any CPU.Build.0 = Release|Any CPU
		{1051F12A-B95B-4776-B632-58B452A66C62}.Debug|Any CPU.ActiveCfg = Debug|Any CPU
		{1051F12A-B95B-4776-B632-58B452A66C62}.Debug|Any CPU.Build.0 = Debug|Any CPU
		{1051F12A-B95B-4776-B632-58B452A66C62}.Release|Any CPU.ActiveCfg = Release|Any CPU
		{1051F12A-B95B-4776-B632-58B452A66C62}.Release|Any CPU.Build.0 = Release|Any CPU
		{3FE22DD3-1572-40AD-A4C7-BE3804C2BFB1}.Debug|Any CPU.ActiveCfg = Debug|Any CPU
		{3FE22DD3-1572-40AD-A4C7-BE3804C2BFB1}.Debug|Any CPU.Build.0 = Debug|Any CPU
		{3FE22DD3-1572-40AD-A4C7-BE3804C2BFB1}.Release|Any CPU.ActiveCfg = Release|Any CPU
		{3FE22DD3-1572-40AD-A4C7-BE3804C2BFB1}.Release|Any CPU.Build.0 = Release|Any CPU
		{6C45CD2C-C192-4E27-AABB-EB3B7B9B91FC}.Debug|Any CPU.ActiveCfg = Debug|Any CPU
		{6C45CD2C-C192-4E27-AABB-EB3B7B9B91FC}.Debug|Any CPU.Build.0 = Debug|Any CPU
		{6C45CD2C-C192-4E27-AABB-EB3B7B9B91FC}.Release|Any CPU.ActiveCfg = Release|Any CPU
		{6C45CD2C-C192-4E27-AABB-EB3B7B9B91FC}.Release|Any CPU.Build.0 = Release|Any CPU
		{843CFF65-A0B3-4B9C-BC0E-331581349D44}.Debug|Any CPU.ActiveCfg = Debug|Any CPU
		{843CFF65-A0B3-4B9C-BC0E-331581349D44}.Debug|Any CPU.Build.0 = Debug|Any CPU
		{843CFF65-A0B3-4B9C-BC0E-331581349D44}.Release|Any CPU.ActiveCfg = Release|Any CPU
		{843CFF65-A0B3-4B9C-BC0E-331581349D44}.Release|Any CPU.Build.0 = Release|Any CPU
		{C528FA17-C546-414C-8535-701A6199E462}.Debug|Any CPU.ActiveCfg = Debug|Any CPU
		{C528FA17-C546-414C-8535-701A6199E462}.Debug|Any CPU.Build.0 = Debug|Any CPU
		{C528FA17-C546-414C-8535-701A6199E462}.Release|Any CPU.ActiveCfg = Release|Any CPU
		{C528FA17-C546-414C-8535-701A6199E462}.Release|Any CPU.Build.0 = Release|Any CPU
		{CCECB6DC-C19C-4DE6-9417-8F67C0B8613A}.Debug|Any CPU.ActiveCfg = Debug|Any CPU
		{CCECB6DC-C19C-4DE6-9417-8F67C0B8613A}.Debug|Any CPU.Build.0 = Debug|Any CPU
		{CCECB6DC-C19C-4DE6-9417-8F67C0B8613A}.Release|Any CPU.ActiveCfg = Release|Any CPU
		{CCECB6DC-C19C-4DE6-9417-8F67C0B8613A}.Release|Any CPU.Build.0 = Release|Any CPU
		{ED5095BA-FDFA-4FF8-83AE-6572B549F2DC}.Debug|Any CPU.ActiveCfg = Debug|Any CPU
		{ED5095BA-FDFA-4FF8-83AE-6572B549F2DC}.Debug|Any CPU.Build.0 = Debug|Any CPU
		{ED5095BA-FDFA-4FF8-83AE-6572B549F2DC}.Release|Any CPU.ActiveCfg = Release|Any CPU
		{ED5095BA-FDFA-4FF8-83AE-6572B549F2DC}.Release|Any CPU.Build.0 = Release|Any CPU
		{3955ECFC-1D7E-46FE-AADA-B3E9B680E582}.Debug|Any CPU.ActiveCfg = Debug|Any CPU
		{3955ECFC-1D7E-46FE-AADA-B3E9B680E582}.Debug|Any CPU.Build.0 = Debug|Any CPU
		{3955ECFC-1D7E-46FE-AADA-B3E9B680E582}.Release|Any CPU.ActiveCfg = Release|Any CPU
		{3955ECFC-1D7E-46FE-AADA-B3E9B680E582}.Release|Any CPU.Build.0 = Release|Any CPU
	EndGlobalSection
	GlobalSection(SolutionProperties) = preSolution
		HideSolutionNode = FALSE
	EndGlobalSection
	GlobalSection(NestedProjects) = preSolution
		{DC5B4AB6-67DB-4CA1-A7AF-44FCDB60E90C} = {95730C45-4C76-49B2-ADA4-8746958DE9BD}
		{3955ECFC-1D7E-46FE-AADA-B3E9B680E582} = {1F5DA7AD-422E-4F54-832F-F46137F4CB54}
	EndGlobalSection
	GlobalSection(ExtensibilityGlobals) = postSolution
		SolutionGuid = {8D61A0BF-B9AE-40DB-8CC8-CB114C1EED0B}
		RESX_Rules = {"EnabledRules":[]}
		RESX_ShowErrorsInErrorList = False
		RESX_NeutralResourcesLanguage = iv
	EndGlobalSection
EndGlobal
