Microsoft Visual Studio Solution File, Format Version 12.00
# Visual Studio Version 16
VisualStudioVersion = 16.0.30611.23
MinimumVisualStudioVersion = 10.0.40219.1
Project("{2150E333-8FDC-42A3-9474-1A3956D46DE8}") = "Solution Items", "Solution Items", "{4832EE63-1130-4B35-8981-E5A7DDC5BA30}"
	ProjectSection(SolutionItems) = preProject
		.editorconfig = .editorconfig
		.gitattributes = .gitattributes
		.gitignore = .gitignore
		Directory.Build.props = Directory.Build.props
		HeaderComments.txt = HeaderComments.txt
	EndProjectSection
EndProject
Project("{2150E333-8FDC-42A3-9474-1A3956D46DE8}") = "Documents", "Documents", "{E34FAC01-C309-4AA4-BD85-C16BC4B2D534}"
	ProjectSection(SolutionItems) = preProject
		CHANGELOG.md = CHANGELOG.md
		CONTRIBUTING.md = CONTRIBUTING.md
		CONTRIBUTORS.md = CONTRIBUTORS.md
		LICENSE.md = LICENSE.md
		LOGO.png = LOGO.png
		README.md = README.md
		THIRD_PARTY_NOTICE.md = THIRD_PARTY_NOTICE.md
	EndProjectSection
EndProject
Project("{FAE04EC0-301F-11D3-BF4B-00C04F79EFBC}") = "Ywando", "Ywando\Ywando.csproj", "{01785871-48F2-4088-8E1E-E6A1F75C6DB2}"
EndProject
Project("{FAE04EC0-301F-11D3-BF4B-00C04F79EFBC}") = "YwandoTests", "YwandoTests\YwandoTests.csproj", "{3D9315B4-E682-4700-B6CD-6C4672D12E88}"
EndProject
Project("{2150E333-8FDC-42A3-9474-1A3956D46DE8}") = "Tests", "Tests", "{05911107-7B6F-4764-B344-0FF541A32B48}"
EndProject
Global
	GlobalSection(SolutionConfigurationPlatforms) = preSolution
		Debug|Any CPU = Debug|Any CPU
		Release|Any CPU = Release|Any CPU
	EndGlobalSection
	GlobalSection(ProjectConfigurationPlatforms) = postSolution
		{01785871-48F2-4088-8E1E-E6A1F75C6DB2}.Debug|Any CPU.ActiveCfg = Debug|Any CPU
		{01785871-48F2-4088-8E1E-E6A1F75C6DB2}.Debug|Any CPU.Build.0 = Debug|Any CPU
		{01785871-48F2-4088-8E1E-E6A1F75C6DB2}.Release|Any CPU.ActiveCfg = Release|Any CPU
		{01785871-48F2-4088-8E1E-E6A1F75C6DB2}.Release|Any CPU.Build.0 = Release|Any CPU
		{3D9315B4-E682-4700-B6CD-6C4672D12E88}.Debug|Any CPU.ActiveCfg = Debug|Any CPU
		{3D9315B4-E682-4700-B6CD-6C4672D12E88}.Debug|Any CPU.Build.0 = Debug|Any CPU
		{3D9315B4-E682-4700-B6CD-6C4672D12E88}.Release|Any CPU.ActiveCfg = Release|Any CPU
		{3D9315B4-E682-4700-B6CD-6C4672D12E88}.Release|Any CPU.Build.0 = Release|Any CPU
	EndGlobalSection
	GlobalSection(SolutionProperties) = preSolution
		HideSolutionNode = FALSE
	EndGlobalSection
	GlobalSection(NestedProjects) = preSolution
		{E34FAC01-C309-4AA4-BD85-C16BC4B2D534} = {4832EE63-1130-4B35-8981-E5A7DDC5BA30}
		{3D9315B4-E682-4700-B6CD-6C4672D12E88} = {05911107-7B6F-4764-B344-0FF541A32B48}
	EndGlobalSection
	GlobalSection(ExtensibilityGlobals) = postSolution
		RESX_NeutralResourcesLanguage = iv
		RESX_ShowErrorsInErrorList = False
		RESX_Rules = {"EnabledRules":[]}
		SolutionGuid = {F9C476CB-CD0C-4A9F-B552-5FB14F8A6698}
	EndGlobalSection
EndGlobal
